
Microsoft Visual Studio Solution File, Format Version 12.00
# Visual Studio Version 17
VisualStudioVersion = 17.8.34316.72
MinimumVisualStudioVersion = 10.0.40219.1
Project("{FAE04EC0-301F-11D3-BF4B-00C04F79EFBC}") = "WPF-DemoApp", "WPF-DemoApp.csproj", "{5E59491E-C2D1-4D27-8DA2-5ADB071033AB}"
EndProject
Global
	GlobalSection(SolutionConfigurationPlatforms) = preSolution
		Debug|Any CPU = Debug|Any CPU
		Release|Any CPU = Release|Any CPU
	EndGlobalSection
	GlobalSection(ProjectConfigurationPlatforms) = postSolution
		{5E59491E-C2D1-4D27-8DA2-5ADB071033AB}.Debug|Any CPU.ActiveCfg = Debug|Any CPU
		{5E59491E-C2D1-4D27-8DA2-5ADB071033AB}.Debug|Any CPU.Build.0 = Debug|Any CPU
		{5E59491E-C2D1-4D27-8DA2-5ADB071033AB}.Release|Any CPU.ActiveCfg = Release|Any CPU
		{5E59491E-C2D1-4D27-8DA2-5ADB071033AB}.Release|Any CPU.Build.0 = Release|Any CPU
	EndGlobalSection
	GlobalSection(SolutionProperties) = preSolution
		HideSolutionNode = FALSE
	EndGlobalSection
	GlobalSection(ExtensibilityGlobals) = postSolution
		SolutionGuid = {F53E0BE8-FAB4-46AF-9381-DD0ED1A85AD8}
	EndGlobalSection
EndGlobal
